{
  "name": "csv-typelevel-ts",
  "version": "1.0.0",
  "lockfileVersion": 3,
  "requires": true,
  "packages": {
    "": {
      "name": "csv-typelevel-ts",
      "version": "1.0.0",
      "license": "ISC",
      "devDependencies": {
        "ts-arithmetic": "^0.1.1",
        "typescript": "^5.4.4"
      }
    },
    "node_modules/ts-arithmetic": {
      "version": "0.1.1",
      "resolved": "https://registry.npmjs.org/ts-arithmetic/-/ts-arithmetic-0.1.1.tgz",
      "integrity": "sha512-3VqgsRgzaYfj+zKWn+7O66ifHwbOOnT2BoOrHwdEUBz7az0DetoZOS20+juNJh1klgzvWEi2Qxden41pomOUAQ==",
      "dev": true
    },
    "node_modules/typescript": {
      "version": "5.4.4",
      "resolved": "https://registry.npmjs.org/typescript/-/typescript-5.4.4.tgz",
      "integrity": "sha512-dGE2Vv8cpVvw28v8HCPqyb08EzbBURxDpuhJvTrusShUfGnhHBafDsLdS1EhhxyL6BJQE+2cT3dDPAv+MQ6oLw==",
      "dev": true,
      "bin": {
        "tsc": "bin/tsc",
        "tsserver": "bin/tsserver"
      },
      "engines": {
        "node": ">=14.17"
      }
    }
  }
}
